
Microsoft Visual Studio Solution File, Format Version 12.00
# Visual Studio Version 17
VisualStudioVersion = 17.4.33403.182
MinimumVisualStudioVersion = 10.0.40219.1
Project("{FAE04EC0-301F-11D3-BF4B-00C04F79EFBC}") = "FP-Task-4", "FP-Task-4\FP-Task-4.csproj", "{D88D984D-FB1E-4114-B122-A83939A09188}"
EndProject
Global
	GlobalSection(SolutionConfigurationPlatforms) = preSolution
		Debug|Any CPU = Debug|Any CPU
		Release|Any CPU = Release|Any CPU
	EndGlobalSection
	GlobalSection(ProjectConfigurationPlatforms) = postSolution
		{D88D984D-FB1E-4114-B122-A83939A09188}.Debug|Any CPU.ActiveCfg = Debug|Any CPU
		{D88D984D-FB1E-4114-B122-A83939A09188}.Debug|Any CPU.Build.0 = Debug|Any CPU
		{D88D984D-FB1E-4114-B122-A83939A09188}.Release|Any CPU.ActiveCfg = Release|Any CPU
		{D88D984D-FB1E-4114-B122-A83939A09188}.Release|Any CPU.Build.0 = Release|Any CPU
	EndGlobalSection
	GlobalSection(SolutionProperties) = preSolution
		HideSolutionNode = FALSE
	EndGlobalSection
	GlobalSection(ExtensibilityGlobals) = postSolution
		SolutionGuid = {ED8EA548-A5B7-42C2-8B11-19DC0EE2F9A0}
	EndGlobalSection
EndGlobal
